# This file was autogenerated by Stack.
# You should not edit this file by hand.
# For more information, please see the documentation at:
#   https://docs.haskellstack.org/en/stable/lock_files

packages:
- completed:
    hackage: pandoc-3.1.2@sha256:5716177472cdcc043eda0b2db2c9dcc0a9eb78b1139a1050308cd2ea2e997d1f,38005
    pantry-tree:
      size: 142325
      sha256: 08ef3d154019e031c8be9d96d0f19a31701e9c75bf56c32d28d3223b243495c0
  original:
    hackage: pandoc-3.1.2
snapshots:
- completed:
    size: 639139
    url: https://raw.githubusercontent.com/commercialhaskell/stackage-snapshots/master/lts/21/0.yaml
    sha256: 1867d84255dff8c87373f5dd03e5a5cb1c10a99587e26c8793e750c54e83ffdc
  original: lts-21.0
