# This file was autogenerated by Stack.
# You should not edit this file by hand.
# For more information, please see the documentation at:
#   https://docs.haskellstack.org/en/stable/lock_files

packages: []
snapshots:
- completed:
    sha256: 53a2800f7fe0c4628af0e7d5e985707dd3af9863ac3983a43c835dbaa8ed5f35
    size: 714094
    url: https://raw.githubusercontent.com/commercialhaskell/stackage-snapshots/master/lts/22/3.yaml
  original: lts-22.3
