# This file was autogenerated by Stack.
# You should not edit this file by hand.
# For more information, please see the documentation at:
#   https://docs.haskellstack.org/en/stable/lock_files

packages:
- completed:
    hackage: goldplate-0.1.1@sha256:2dfa9ee5a29e7bb9dd19fa118b247b61d78558eee1e6709a80c6471816b1272a,1306
    pantry-tree:
      size: 391
      sha256: 77b8279582b775f6dfb74380418c70de102fd7a951bc44ad39d9ebb6d0fe1a60
  original:
    hackage: goldplate-0.1.1
snapshots:
- completed:
    size: 491387
    url: https://raw.githubusercontent.com/commercialhaskell/stackage-snapshots/master/lts/15/6.yaml
    sha256: 8d81505a6de861e167a58534ab62330afb75bfa108735c7db1204f7ef2a39d79
  original: lts-15.6
